// !$*UTF8*$!
{
	archiveVersion = 1;
	classes = {
	};
	objectVersion = 46;
	objects = {

/* Begin PBXBuildFile section */
		454026FE1780793900AB45A4 /* AATestRendering2.cpp in Sources */ = {isa = PBXBuildFile; fileRef = 454026FC1780793900AB45A4 /* AATestRendering2.cpp */; };
		454026FF1780793900AB45A4 /* AATestRendering2.cpp in Sources */ = {isa = PBXBuildFile; fileRef = 454026FC1780793900AB45A4 /* AATestRendering2.cpp */; };
		454027191780A61200AB45A4 /* AATestStatus.cpp in Sources */ = {isa = PBXBuildFile; fileRef = 454027171780A61200AB45A4 /* AATestStatus.cpp */; };
		4540271A1780A61200AB45A4 /* AATestStatus.cpp in Sources */ = {isa = PBXBuildFile; fileRef = 454027171780A61200AB45A4 /* AATestStatus.cpp */; };
		45435E66172F37E8008BD9D5 /* InfoPlist.strings in Resources */ = {isa = PBXBuildFile; fileRef = 45435E64172F37E8008BD9D5 /* InfoPlist.strings */; };
		45435E68172F37E8008BD9D5 /* main.mm in Sources */ = {isa = PBXBuildFile; fileRef = 45435E67172F37E8008BD9D5 /* main.mm */; };
		45435E6C172F37E8008BD9D5 /* AAAppDelegate.m in Sources */ = {isa = PBXBuildFile; fileRef = 45435E6B172F37E8008BD9D5 /* AAAppDelegate.m */; };
		45435E6E172F37E8008BD9D5 /* Default.png in Resources */ = {isa = PBXBuildFile; fileRef = 45435E6D172F37E8008BD9D5 /* Default.png */; };
		45435E70172F37E8008BD9D5 /* Default@2x.png in Resources */ = {isa = PBXBuildFile; fileRef = 45435E6F172F37E8008BD9D5 /* Default@2x.png */; };
		45435E72172F37E8008BD9D5 /* Default-568h@2x.png in Resources */ = {isa = PBXBuildFile; fileRef = 45435E71172F37E8008BD9D5 /* Default-568h@2x.png */; };
		45435E7F172F3863008BD9D5 /* AATesterViewController.mm in Sources */ = {isa = PBXBuildFile; fileRef = 45435E7E172F3863008BD9D5 /* AATesterViewController.mm */; };
		459BEA11177154F100CA6A24 /* InfoPlist.strings in Resources */ = {isa = PBXBuildFile; fileRef = 459BEA0F177154F100CA6A24 /* InfoPlist.strings */; };
		459BEA13177154F100CA6A24 /* main.m in Sources */ = {isa = PBXBuildFile; fileRef = 459BEA12177154F100CA6A24 /* main.m */; };
		459BEA17177154F100CA6A24 /* Credits.rtf in Resources */ = {isa = PBXBuildFile; fileRef = 459BEA15177154F100CA6A24 /* Credits.rtf */; };
		459BEA1A177154F100CA6A24 /* AAAppDelegate.mm in Sources */ = {isa = PBXBuildFile; fileRef = 459BEA19177154F100CA6A24 /* AAAppDelegate.mm */; };
		459BEA1D177154F100CA6A24 /* MainMenu.xib in Resources */ = {isa = PBXBuildFile; fileRef = 459BEA1B177154F100CA6A24 /* MainMenu.xib */; };
		459BEA4D17715DD100CA6A24 /* AAQuaternionMemoryLayoutEqualityTest.mm in Sources */ = {isa = PBXBuildFile; fileRef = 459BEA4617715DD100CA6A24 /* AAQuaternionMemoryLayoutEqualityTest.mm */; };
		459BEA4E17715DD100CA6A24 /* AAQuaternionMemoryLayoutEqualityTest.mm in Sources */ = {isa = PBXBuildFile; fileRef = 459BEA4617715DD100CA6A24 /* AAQuaternionMemoryLayoutEqualityTest.mm */; };
		459BEA4F17715DD100CA6A24 /* AATest.mm in Sources */ = {isa = PBXBuildFile; fileRef = 459BEA4817715DD100CA6A24 /* AATest.mm */; };
		459BEA5017715DD100CA6A24 /* AATest.mm in Sources */ = {isa = PBXBuildFile; fileRef = 459BEA4817715DD100CA6A24 /* AATest.mm */; };
		459BEA5117715DD100CA6A24 /* AATestRendering0.cpp in Sources */ = {isa = PBXBuildFile; fileRef = 459BEA4917715DD100CA6A24 /* AATestRendering0.cpp */; };
		459BEA5217715DD100CA6A24 /* AATestRendering0.cpp in Sources */ = {isa = PBXBuildFile; fileRef = 459BEA4917715DD100CA6A24 /* AATestRendering0.cpp */; };
		459BEA5317715DD100CA6A24 /* AATestRendering1.cpp in Sources */ = {isa = PBXBuildFile; fileRef = 459BEA4B17715DD100CA6A24 /* AATestRendering1.cpp */; };
		459BEA5417715DD100CA6A24 /* AATestRendering1.cpp in Sources */ = {isa = PBXBuildFile; fileRef = 459BEA4B17715DD100CA6A24 /* AATestRendering1.cpp */; };
		45E494CE18B1791400195E5F /* ImageIO.framework in Frameworks */ = {isa = PBXBuildFile; fileRef = 45E494CD18B1791400195E5F /* ImageIO.framework */; };
		45E494DC18B1791B00195E5F /* ImageIO.framework in Frameworks */ = {isa = PBXBuildFile; fileRef = 45E494DB18B1791B00195E5F /* ImageIO.framework */; };
		45E7052317956E9900DA4D8B /* 02.png in Resources */ = {isa = PBXBuildFile; fileRef = 45E7052217956E9900DA4D8B /* 02.png */; };
		45E7057B179580BD00DA4D8B /* 02.png in Resources */ = {isa = PBXBuildFile; fileRef = 45E7052217956E9900DA4D8B /* 02.png */; };
		45F3D14818A78E3700F05D97 /* libEonilImprovisationsCommonUtility.a in Frameworks */ = {isa = PBXBuildFile; fileRef = 45F3D11218A78E0500F05D97 /* libEonilImprovisationsCommonUtility.a */; };
		45F3D14918A78E3700F05D97 /* libEonilImprovisationsMediaEngineFoundation.a in Frameworks */ = {isa = PBXBuildFile; fileRef = 45F3D12B18A78E1500F05D97 /* libEonilImprovisationsMediaEngineFoundation.a */; };
		45F3D14A18A78E3700F05D97 /* libEonilImprovisationsMediaEngineGraphics.a in Frameworks */ = {isa = PBXBuildFile; fileRef = 45F3D13618A78E1A00F05D97 /* libEonilImprovisationsMediaEngineGraphics.a */; };
		45F3D14B18A78E3700F05D97 /* libEonilImprovisationsMediaEngineMathematics.a in Frameworks */ = {isa = PBXBuildFile; fileRef = 45F3D14118A78E2100F05D97 /* libEonilImprovisationsMediaEngineMathematics.a */; };
		45F3D14D18A78E7A00F05D97 /* GLKit.framework in Frameworks */ = {isa = PBXBuildFile; fileRef = 45F3D14C18A78E7A00F05D97 /* GLKit.framework */; };
		45F3D14E18A78E9F00F05D97 /* libEonilImprovisationsCommonUtility.a in Frameworks */ = {isa = PBXBuildFile; fileRef = 45F3D11218A78E0500F05D97 /* libEonilImprovisationsCommonUtility.a */; };
		45F3D14F18A78E9F00F05D97 /* libEonilImprovisationsMediaEngineFoundation.a in Frameworks */ = {isa = PBXBuildFile; fileRef = 45F3D12B18A78E1500F05D97 /* libEonilImprovisationsMediaEngineFoundation.a */; };
		45F3D15018A78E9F00F05D97 /* libEonilImprovisationsMediaEngineGraphics.a in Frameworks */ = {isa = PBXBuildFile; fileRef = 45F3D13618A78E1A00F05D97 /* libEonilImprovisationsMediaEngineGraphics.a */; };
		45F3D15118A78E9F00F05D97 /* libEonilImprovisationsMediaEngineMathematics.a in Frameworks */ = {isa = PBXBuildFile; fileRef = 45F3D14118A78E2100F05D97 /* libEonilImprovisationsMediaEngineMathematics.a */; };
		45F3D15718A790B300F05D97 /* Cocoa.framework in Frameworks */ = {isa = PBXBuildFile; fileRef = 45F3D15618A790B200F05D97 /* Cocoa.framework */; };
		45F3D15918A7A2DF00F05D97 /* CoreGraphics.framework in Frameworks */ = {isa = PBXBuildFile; fileRef = 45F3D15818A7A2DF00F05D97 /* CoreGraphics.framework */; };
		45F3D15B18A7A2F800F05D97 /* GLKit.framework in Frameworks */ = {isa = PBXBuildFile; fileRef = 45F3D15A18A7A2F800F05D97 /* GLKit.framework */; };
		45F3D15D18A7A2FD00F05D97 /* UIKit.framework in Frameworks */ = {isa = PBXBuildFile; fileRef = 45F3D15C18A7A2FD00F05D97 /* UIKit.framework */; };
		45F3D15F18A7A31900F05D97 /* QuartzCore.framework in Frameworks */ = {isa = PBXBuildFile; fileRef = 45F3D15E18A7A31900F05D97 /* QuartzCore.framework */; };
		45F3D16118A7A32A00F05D97 /* OpenGLES.framework in Frameworks */ = {isa = PBXBuildFile; fileRef = 45F3D16018A7A32A00F05D97 /* OpenGLES.framework */; };
		45FB772D18A7A6D600DD25B4 /* LogicOnlyTest.cpp in Sources */ = {isa = PBXBuildFile; fileRef = 45FB772B18A7A6D600DD25B4 /* LogicOnlyTest.cpp */; };
		45FB772E18A7A6D600DD25B4 /* LogicOnlyTest.cpp in Sources */ = {isa = PBXBuildFile; fileRef = 45FB772B18A7A6D600DD25B4 /* LogicOnlyTest.cpp */; };
		45FB773118A7A70800DD25B4 /* GraphicsOnlyTest.cpp in Sources */ = {isa = PBXBuildFile; fileRef = 45FB772F18A7A70800DD25B4 /* GraphicsOnlyTest.cpp */; };
		45FB773218A7A70800DD25B4 /* GraphicsOnlyTest.cpp in Sources */ = {isa = PBXBuildFile; fileRef = 45FB772F18A7A70800DD25B4 /* GraphicsOnlyTest.cpp */; };
		45FB773918A7A76300DD25B4 /* Common.cpp in Sources */ = {isa = PBXBuildFile; fileRef = 45FB773718A7A76300DD25B4 /* Common.cpp */; };
		45FB773A18A7A76300DD25B4 /* Common.cpp in Sources */ = {isa = PBXBuildFile; fileRef = 45FB773718A7A76300DD25B4 /* Common.cpp */; };
		45FB773D18A7A79D00DD25B4 /* TestTrackingPointerSlot.cpp in Sources */ = {isa = PBXBuildFile; fileRef = 45FB773B18A7A79D00DD25B4 /* TestTrackingPointerSlot.cpp */; };
		45FB773E18A7A79D00DD25B4 /* TestTrackingPointerSlot.cpp in Sources */ = {isa = PBXBuildFile; fileRef = 45FB773B18A7A79D00DD25B4 /* TestTrackingPointerSlot.cpp */; };
		45FB774118A7A8A700DD25B4 /* Tester.cpp in Sources */ = {isa = PBXBuildFile; fileRef = 45FB773F18A7A8A700DD25B4 /* Tester.cpp */; };
		45FB774218A7A8A700DD25B4 /* Tester.cpp in Sources */ = {isa = PBXBuildFile; fileRef = 45FB773F18A7A8A700DD25B4 /* Tester.cpp */; };
/* End PBXBuildFile section */

/* Begin PBXContainerItemProxy section */
		45F3D11118A78E0500F05D97 /* PBXContainerItemProxy */ = {
			isa = PBXContainerItemProxy;
			containerPortal = 45F3D0F618A78D9C00F05D97 /* CommonUtility.xcodeproj */;
			proxyType = 2;
			remoteGlobalIDString = 452ACBF71854FAAC00447731;
			remoteInfo = "CommonUtility - OSX";
		};
		45F3D11318A78E0500F05D97 /* PBXContainerItemProxy */ = {
			isa = PBXContainerItemProxy;
			containerPortal = 45F3D0F618A78D9C00F05D97 /* CommonUtility.xcodeproj */;
			proxyType = 2;
			remoteGlobalIDString = 458F7EC618A243DA00409ED4;
			remoteInfo = "CommonUtility - iOS";
		};
		45F3D11518A78E0500F05D97 /* PBXContainerItemProxy */ = {
			isa = PBXContainerItemProxy;
			containerPortal = 45F3D0F618A78D9C00F05D97 /* CommonUtility.xcodeproj */;
			proxyType = 2;
			remoteGlobalIDString = 452ACC4D1855077600447731;
			remoteInfo = RunningTester;
		};
		45F3D12A18A78E1500F05D97 /* PBXContainerItemProxy */ = {
			isa = PBXContainerItemProxy;
			containerPortal = 45F3D11918A78E1200F05D97 /* Foundation.xcodeproj */;
			proxyType = 2;
			remoteGlobalIDString = 45F0374C175C359E00C469FD;
			remoteInfo = "Foundation - OSX Static Library";
		};
		45F3D12C18A78E1500F05D97 /* PBXContainerItemProxy */ = {
			isa = PBXContainerItemProxy;
			containerPortal = 45F3D11918A78E1200F05D97 /* Foundation.xcodeproj */;
			proxyType = 2;
			remoteGlobalIDString = 45F03729175C353F00C469FD;
			remoteInfo = "Foundation - iOS Static Library";
		};
		45F3D12E18A78E1500F05D97 /* PBXContainerItemProxy */ = {
			isa = PBXContainerItemProxy;
			containerPortal = 45F3D11918A78E1200F05D97 /* Foundation.xcodeproj */;
			proxyType = 2;
			remoteGlobalIDString = 453BFBFA18A2424D007E514B;
			remoteInfo = "OSX Test";
		};
		45F3D13518A78E1A00F05D97 /* PBXContainerItemProxy */ = {
			isa = PBXContainerItemProxy;
			containerPortal = 45F3D13018A78E1900F05D97 /* Graphics.xcodeproj */;
			proxyType = 2;
			remoteGlobalIDString = 45D3CB79173BC83E0011D992;
			remoteInfo = "Graphics - OSX Static Library";
		};
		45F3D13718A78E1A00F05D97 /* PBXContainerItemProxy */ = {
			isa = PBXContainerItemProxy;
			containerPortal = 45F3D13018A78E1900F05D97 /* Graphics.xcodeproj */;
			proxyType = 2;
			remoteGlobalIDString = 45D3CB66173BC8280011D992;
			remoteInfo = "Graphics - iOS Static Library";
		};
		45F3D14018A78E2100F05D97 /* PBXContainerItemProxy */ = {
			isa = PBXContainerItemProxy;
			containerPortal = 45F3D13918A78E2000F05D97 /* Mathematics.xcodeproj */;
			proxyType = 2;
			remoteGlobalIDString = 45150A2618A69EB40007BE6B;
			remoteInfo = "Mathematics - Static Library - OSX";
		};
		45F3D14218A78E2100F05D97 /* PBXContainerItemProxy */ = {
			isa = PBXContainerItemProxy;
			containerPortal = 45F3D13918A78E2000F05D97 /* Mathematics.xcodeproj */;
			proxyType = 2;
			remoteGlobalIDString = 451509FB18A69EAA0007BE6B;
			remoteInfo = "Mathematics - Static Library - iOS";
		};
		45F3D14418A78E2100F05D97 /* PBXContainerItemProxy */ = {
			isa = PBXContainerItemProxy;
			containerPortal = 45F3D13918A78E2000F05D97 /* Mathematics.xcodeproj */;
			proxyType = 2;
			remoteGlobalIDString = 45150A6A18A69EE80007BE6B;
			remoteInfo = "Mathematics - Running Test - OSX";
		};
		45F3D14618A78E2100F05D97 /* PBXContainerItemProxy */ = {
			isa = PBXContainerItemProxy;
			containerPortal = 45F3D13918A78E2000F05D97 /* Mathematics.xcodeproj */;
			proxyType = 2;
			remoteGlobalIDString = 45150A3B18A69EDE0007BE6B;
			remoteInfo = "Mathematics - Running Test - iOS";
		};
/* End PBXContainerItemProxy section */

/* Begin PBXFileReference section */
		454026FC1780793900AB45A4 /* AATestRendering2.cpp */ = {isa = PBXFileReference; fileEncoding = 4; lastKnownFileType = sourcecode.cpp.cpp; path = AATestRendering2.cpp; sourceTree = "<group>"; };
		454026FD1780793900AB45A4 /* AATestRendering2.h */ = {isa = PBXFileReference; fileEncoding = 4; lastKnownFileType = sourcecode.c.h; path = AATestRendering2.h; sourceTree = "<group>"; };
		454027171780A61200AB45A4 /* AATestStatus.cpp */ = {isa = PBXFileReference; fileEncoding = 4; lastKnownFileType = sourcecode.cpp.cpp; path = AATestStatus.cpp; sourceTree = "<group>"; };
		454027181780A61200AB45A4 /* AATestStatus.h */ = {isa = PBXFileReference; fileEncoding = 4; lastKnownFileType = sourcecode.c.h; path = AATestStatus.h; sourceTree = "<group>"; };
		45435E58172F37E8008BD9D5 /* Testers.app */ = {isa = PBXFileReference; explicitFileType = wrapper.application; includeInIndex = 0; path = Testers.app; sourceTree = BUILT_PRODUCTS_DIR; };
		45435E63172F37E8008BD9D5 /* Testers-Info.plist */ = {isa = PBXFileReference; lastKnownFileType = text.plist.xml; path = "Testers-Info.plist"; sourceTree = "<group>"; };
		45435E65172F37E8008BD9D5 /* en */ = {isa = PBXFileReference; lastKnownFileType = text.plist.strings; name = en; path = en.lproj/InfoPlist.strings; sourceTree = "<group>"; };
		45435E67172F37E8008BD9D5 /* main.mm */ = {isa = PBXFileReference; lastKnownFileType = sourcecode.cpp.objcpp; path = main.mm; sourceTree = "<group>"; };
		45435E6A172F37E8008BD9D5 /* AAAppDelegate.h */ = {isa = PBXFileReference; lastKnownFileType = sourcecode.c.h; path = AAAppDelegate.h; sourceTree = "<group>"; };
		45435E6B172F37E8008BD9D5 /* AAAppDelegate.m */ = {isa = PBXFileReference; lastKnownFileType = sourcecode.c.objc; path = AAAppDelegate.m; sourceTree = "<group>"; };
		45435E6D172F37E8008BD9D5 /* Default.png */ = {isa = PBXFileReference; lastKnownFileType = image.png; path = Default.png; sourceTree = "<group>"; };
		45435E6F172F37E8008BD9D5 /* Default@2x.png */ = {isa = PBXFileReference; lastKnownFileType = image.png; path = "Default@2x.png"; sourceTree = "<group>"; };
		45435E71172F37E8008BD9D5 /* Default-568h@2x.png */ = {isa = PBXFileReference; lastKnownFileType = image.png; path = "Default-568h@2x.png"; sourceTree = "<group>"; };
		45435E7D172F3863008BD9D5 /* AATesterViewController.h */ = {isa = PBXFileReference; fileEncoding = 4; lastKnownFileType = sourcecode.c.h; path = AATesterViewController.h; sourceTree = "<group>"; };
		45435E7E172F3863008BD9D5 /* AATesterViewController.mm */ = {isa = PBXFileReference; fileEncoding = 4; lastKnownFileType = sourcecode.cpp.objcpp; path = AATesterViewController.mm; sourceTree = "<group>"; };
		459BEA05177154F100CA6A24 /* _Legacy2013 - OSX Tester.app */ = {isa = PBXFileReference; explicitFileType = wrapper.application; includeInIndex = 0; path = "_Legacy2013 - OSX Tester.app"; sourceTree = BUILT_PRODUCTS_DIR; };
		459BEA0E177154F100CA6A24 /* OSXTester-Info.plist */ = {isa = PBXFileReference; lastKnownFileType = text.plist.xml; path = "OSXTester-Info.plist"; sourceTree = "<group>"; };
		459BEA10177154F100CA6A24 /* en */ = {isa = PBXFileReference; lastKnownFileType = text.plist.strings; name = en; path = en.lproj/InfoPlist.strings; sourceTree = "<group>"; };
		459BEA12177154F100CA6A24 /* main.m */ = {isa = PBXFileReference; lastKnownFileType = sourcecode.c.objc; path = main.m; sourceTree = "<group>"; };
		459BEA16177154F100CA6A24 /* en */ = {isa = PBXFileReference; lastKnownFileType = text.rtf; name = en; path = en.lproj/Credits.rtf; sourceTree = "<group>"; };
		459BEA18177154F100CA6A24 /* AAAppDelegate.h */ = {isa = PBXFileReference; lastKnownFileType = sourcecode.c.h; path = AAAppDelegate.h; sourceTree = "<group>"; };
		459BEA19177154F100CA6A24 /* AAAppDelegate.mm */ = {isa = PBXFileReference; lastKnownFileType = sourcecode.cpp.objcpp; path = AAAppDelegate.mm; sourceTree = "<group>"; };
		459BEA1C177154F100CA6A24 /* Base */ = {isa = PBXFileReference; lastKnownFileType = file.xib; name = Base; path = Base.lproj/MainMenu.xib; sourceTree = "<group>"; };
		459BEA4517715DD100CA6A24 /* AAQuaternionMemoryLayoutEqualityTest.h */ = {isa = PBXFileReference; fileEncoding = 4; lastKnownFileType = sourcecode.c.h; path = AAQuaternionMemoryLayoutEqualityTest.h; sourceTree = "<group>"; };
		459BEA4617715DD100CA6A24 /* AAQuaternionMemoryLayoutEqualityTest.mm */ = {isa = PBXFileReference; fileEncoding = 4; lastKnownFileType = sourcecode.cpp.objcpp; path = AAQuaternionMemoryLayoutEqualityTest.mm; sourceTree = "<group>"; };
		459BEA4717715DD100CA6A24 /* AATest.h */ = {isa = PBXFileReference; fileEncoding = 4; lastKnownFileType = sourcecode.c.h; path = AATest.h; sourceTree = "<group>"; };
		459BEA4817715DD100CA6A24 /* AATest.mm */ = {isa = PBXFileReference; fileEncoding = 4; lastKnownFileType = sourcecode.cpp.objcpp; path = AATest.mm; sourceTree = "<group>"; };
		459BEA4917715DD100CA6A24 /* AATestRendering0.cpp */ = {isa = PBXFileReference; fileEncoding = 4; lastKnownFileType = sourcecode.cpp.cpp; path = AATestRendering0.cpp; sourceTree = "<group>"; };
		459BEA4A17715DD100CA6A24 /* AATestRendering0.h */ = {isa = PBXFileReference; fileEncoding = 4; lastKnownFileType = sourcecode.c.h; path = AATestRendering0.h; sourceTree = "<group>"; };
		459BEA4B17715DD100CA6A24 /* AATestRendering1.cpp */ = {isa = PBXFileReference; fileEncoding = 4; lastKnownFileType = sourcecode.cpp.cpp; path = AATestRendering1.cpp; sourceTree = "<group>"; };
		459BEA4C17715DD100CA6A24 /* AATestRendering1.h */ = {isa = PBXFileReference; fileEncoding = 4; lastKnownFileType = sourcecode.c.h; path = AATestRendering1.h; sourceTree = "<group>"; };
		45E494CD18B1791400195E5F /* ImageIO.framework */ = {isa = PBXFileReference; lastKnownFileType = wrapper.framework; name = ImageIO.framework; path = Platforms/MacOSX.platform/Developer/SDKs/MacOSX10.9.sdk/System/Library/Frameworks/ImageIO.framework; sourceTree = DEVELOPER_DIR; };
		45E494DB18B1791B00195E5F /* ImageIO.framework */ = {isa = PBXFileReference; lastKnownFileType = wrapper.framework; name = ImageIO.framework; path = System/Library/Frameworks/ImageIO.framework; sourceTree = SDKROOT; };
		45E7052217956E9900DA4D8B /* 02.png */ = {isa = PBXFileReference; lastKnownFileType = image.png; path = 02.png; sourceTree = "<group>"; };
		45F3D0F618A78D9C00F05D97 /* CommonUtility.xcodeproj */ = {isa = PBXFileReference; lastKnownFileType = "wrapper.pb-project"; name = CommonUtility.xcodeproj; path = ../../../../CommonUtility/CommonUtility.xcodeproj; sourceTree = "<group>"; };
		45F3D10718A78DC500F05D97 /* Trash */ = {isa = PBXFileReference; lastKnownFileType = folder; path = Trash; sourceTree = "<group>"; };
		45F3D11918A78E1200F05D97 /* Foundation.xcodeproj */ = {isa = PBXFileReference; lastKnownFileType = "wrapper.pb-project"; name = Foundation.xcodeproj; path = ../../../Foundation/Foundation.xcodeproj; sourceTree = "<group>"; };
		45F3D13018A78E1900F05D97 /* Graphics.xcodeproj */ = {isa = PBXFileReference; lastKnownFileType = "wrapper.pb-project"; name = Graphics.xcodeproj; path = ../../../Graphics/Graphics.xcodeproj; sourceTree = "<group>"; };
		45F3D13918A78E2000F05D97 /* Mathematics.xcodeproj */ = {isa = PBXFileReference; lastKnownFileType = "wrapper.pb-project"; name = Mathematics.xcodeproj; path = ../../../Mathematics/Mathematics.xcodeproj; sourceTree = "<group>"; };
		45F3D14C18A78E7A00F05D97 /* GLKit.framework */ = {isa = PBXFileReference; lastKnownFileType = wrapper.framework; name = GLKit.framework; path = Platforms/MacOSX.platform/Developer/SDKs/MacOSX10.9.sdk/System/Library/Frameworks/GLKit.framework; sourceTree = DEVELOPER_DIR; };
		45F3D15518A78F2600F05D97 /* Prefix.pch */ = {isa = PBXFileReference; lastKnownFileType = sourcecode.c.h; path = Prefix.pch; sourceTree = "<group>"; };
		45F3D15618A790B200F05D97 /* Cocoa.framework */ = {isa = PBXFileReference; lastKnownFileType = wrapper.framework; name = Cocoa.framework; path = Platforms/MacOSX.platform/Developer/SDKs/MacOSX10.9.sdk/System/Library/Frameworks/Cocoa.framework; sourceTree = DEVELOPER_DIR; };
		45F3D15818A7A2DF00F05D97 /* CoreGraphics.framework */ = {isa = PBXFileReference; lastKnownFileType = wrapper.framework; name = CoreGraphics.framework; path = System/Library/Frameworks/CoreGraphics.framework; sourceTree = SDKROOT; };
		45F3D15A18A7A2F800F05D97 /* GLKit.framework */ = {isa = PBXFileReference; lastKnownFileType = wrapper.framework; name = GLKit.framework; path = System/Library/Frameworks/GLKit.framework; sourceTree = SDKROOT; };
		45F3D15C18A7A2FD00F05D97 /* UIKit.framework */ = {isa = PBXFileReference; lastKnownFileType = wrapper.framework; name = UIKit.framework; path = System/Library/Frameworks/UIKit.framework; sourceTree = SDKROOT; };
		45F3D15E18A7A31900F05D97 /* QuartzCore.framework */ = {isa = PBXFileReference; lastKnownFileType = wrapper.framework; name = QuartzCore.framework; path = System/Library/Frameworks/QuartzCore.framework; sourceTree = SDKROOT; };
		45F3D16018A7A32A00F05D97 /* OpenGLES.framework */ = {isa = PBXFileReference; lastKnownFileType = wrapper.framework; name = OpenGLES.framework; path = System/Library/Frameworks/OpenGLES.framework; sourceTree = SDKROOT; };
		45FB772B18A7A6D600DD25B4 /* LogicOnlyTest.cpp */ = {isa = PBXFileReference; fileEncoding = 4; lastKnownFileType = sourcecode.cpp.cpp; path = LogicOnlyTest.cpp; sourceTree = "<group>"; };
		45FB772C18A7A6D600DD25B4 /* LogicOnlyTest.h */ = {isa = PBXFileReference; fileEncoding = 4; lastKnownFileType = sourcecode.c.h; path = LogicOnlyTest.h; sourceTree = "<group>"; };
		45FB772F18A7A70800DD25B4 /* GraphicsOnlyTest.cpp */ = {isa = PBXFileReference; fileEncoding = 4; lastKnownFileType = sourcecode.cpp.cpp; path = GraphicsOnlyTest.cpp; sourceTree = "<group>"; };
		45FB773018A7A70800DD25B4 /* GraphicsOnlyTest.h */ = {isa = PBXFileReference; fileEncoding = 4; lastKnownFileType = sourcecode.c.h; path = GraphicsOnlyTest.h; sourceTree = "<group>"; };
		45FB773718A7A76300DD25B4 /* Common.cpp */ = {isa = PBXFileReference; fileEncoding = 4; lastKnownFileType = sourcecode.cpp.cpp; path = Common.cpp; sourceTree = "<group>"; };
		45FB773818A7A76300DD25B4 /* Common.h */ = {isa = PBXFileReference; fileEncoding = 4; lastKnownFileType = sourcecode.c.h; path = Common.h; sourceTree = "<group>"; };
		45FB773B18A7A79D00DD25B4 /* TestTrackingPointerSlot.cpp */ = {isa = PBXFileReference; fileEncoding = 4; lastKnownFileType = sourcecode.cpp.cpp; path = TestTrackingPointerSlot.cpp; sourceTree = "<group>"; };
		45FB773C18A7A79D00DD25B4 /* TestTrackingPointerSlot.h */ = {isa = PBXFileReference; fileEncoding = 4; lastKnownFileType = sourcecode.c.h; path = TestTrackingPointerSlot.h; sourceTree = "<group>"; };
		45FB773F18A7A8A700DD25B4 /* Tester.cpp */ = {isa = PBXFileReference; fileEncoding = 4; lastKnownFileType = sourcecode.cpp.cpp; path = Tester.cpp; sourceTree = "<group>"; };
		45FB774018A7A8A700DD25B4 /* Tester.h */ = {isa = PBXFileReference; fileEncoding = 4; lastKnownFileType = sourcecode.c.h; path = Tester.h; sourceTree = "<group>"; };
/* End PBXFileReference section */

/* Begin PBXFrameworksBuildPhase section */
		45435E55172F37E8008BD9D5 /* Frameworks */ = {
			isa = PBXFrameworksBuildPhase;
			buildActionMask = 2147483647;
			files = (
				45F3D15F18A7A31900F05D97 /* QuartzCore.framework in Frameworks */,
				45F3D15918A7A2DF00F05D97 /* CoreGraphics.framework in Frameworks */,
				45F3D15D18A7A2FD00F05D97 /* UIKit.framework in Frameworks */,
				45F3D16118A7A32A00F05D97 /* OpenGLES.framework in Frameworks */,
				45F3D15B18A7A2F800F05D97 /* GLKit.framework in Frameworks */,
				45E494DC18B1791B00195E5F /* ImageIO.framework in Frameworks */,
				45F3D14E18A78E9F00F05D97 /* libEonilImprovisationsCommonUtility.a in Frameworks */,
				45F3D14F18A78E9F00F05D97 /* libEonilImprovisationsMediaEngineFoundation.a in Frameworks */,
				45F3D15118A78E9F00F05D97 /* libEonilImprovisationsMediaEngineMathematics.a in Frameworks */,
				45F3D15018A78E9F00F05D97 /* libEonilImprovisationsMediaEngineGraphics.a in Frameworks */,
			);
			runOnlyForDeploymentPostprocessing = 0;
		};
		459BEA02177154F100CA6A24 /* Frameworks */ = {
			isa = PBXFrameworksBuildPhase;
			buildActionMask = 2147483647;
			files = (
				45F3D15718A790B300F05D97 /* Cocoa.framework in Frameworks */,
				45F3D14D18A78E7A00F05D97 /* GLKit.framework in Frameworks */,
				45E494CE18B1791400195E5F /* ImageIO.framework in Frameworks */,
				45F3D14818A78E3700F05D97 /* libEonilImprovisationsCommonUtility.a in Frameworks */,
				45F3D14918A78E3700F05D97 /* libEonilImprovisationsMediaEngineFoundation.a in Frameworks */,
				45F3D14B18A78E3700F05D97 /* libEonilImprovisationsMediaEngineMathematics.a in Frameworks */,
				45F3D14A18A78E3700F05D97 /* libEonilImprovisationsMediaEngineGraphics.a in Frameworks */,
			);
			runOnlyForDeploymentPostprocessing = 0;
		};
/* End PBXFrameworksBuildPhase section */

/* Begin PBXGroup section */
		45435E4F172F37E8008BD9D5 = {
			isa = PBXGroup;
			children = (
				45E494DB18B1791B00195E5F /* ImageIO.framework */,
				45E494CD18B1791400195E5F /* ImageIO.framework */,
				45F3D10518A78DBE00F05D97 /* Dependencies */,
				459BEA4417715DD100CA6A24 /* Sources */,
				45F3D10718A78DC500F05D97 /* Trash */,
				45F3D15218A78F0F00F05D97 /* Targets (target specific codes) */,
				459BEA0C177154F100CA6A24 /* OSXTester */,
				45435E61172F37E8008BD9D5 /* EonilGraphicsTester */,
				45435E59172F37E8008BD9D5 /* Products */,
			);
			sourceTree = "<group>";
		};
		45435E59172F37E8008BD9D5 /* Products */ = {
			isa = PBXGroup;
			children = (
				45435E58172F37E8008BD9D5 /* Testers.app */,
				459BEA05177154F100CA6A24 /* _Legacy2013 - OSX Tester.app */,
			);
			name = Products;
			sourceTree = "<group>";
		};
		45435E61172F37E8008BD9D5 /* EonilGraphicsTester */ = {
			isa = PBXGroup;
			children = (
				45435E62172F37E8008BD9D5 /* Supporting Files */,
				45435E6A172F37E8008BD9D5 /* AAAppDelegate.h */,
				45435E6B172F37E8008BD9D5 /* AAAppDelegate.m */,
				45435E7D172F3863008BD9D5 /* AATesterViewController.h */,
				45435E7E172F3863008BD9D5 /* AATesterViewController.mm */,
			);
			path = EonilGraphicsTester;
			sourceTree = "<group>";
		};
		45435E62172F37E8008BD9D5 /* Supporting Files */ = {
			isa = PBXGroup;
			children = (
				45435E63172F37E8008BD9D5 /* Testers-Info.plist */,
				45435E64172F37E8008BD9D5 /* InfoPlist.strings */,
				45435E67172F37E8008BD9D5 /* main.mm */,
				45435E6D172F37E8008BD9D5 /* Default.png */,
				45435E6F172F37E8008BD9D5 /* Default@2x.png */,
				45435E71172F37E8008BD9D5 /* Default-568h@2x.png */,
			);
			name = "Supporting Files";
			sourceTree = "<group>";
		};
		459BEA0C177154F100CA6A24 /* OSXTester */ = {
			isa = PBXGroup;
			children = (
				459BEA18177154F100CA6A24 /* AAAppDelegate.h */,
				459BEA19177154F100CA6A24 /* AAAppDelegate.mm */,
				459BEA1B177154F100CA6A24 /* MainMenu.xib */,
				459BEA0D177154F100CA6A24 /* Supporting Files */,
			);
			path = OSXTester;
			sourceTree = "<group>";
		};
		459BEA0D177154F100CA6A24 /* Supporting Files */ = {
			isa = PBXGroup;
			children = (
				459BEA0E177154F100CA6A24 /* OSXTester-Info.plist */,
				459BEA0F177154F100CA6A24 /* InfoPlist.strings */,
				459BEA12177154F100CA6A24 /* main.m */,
				459BEA15177154F100CA6A24 /* Credits.rtf */,
			);
			name = "Supporting Files";
			sourceTree = "<group>";
		};
		459BEA4417715DD100CA6A24 /* Sources */ = {
			isa = PBXGroup;
			children = (
				45FB773718A7A76300DD25B4 /* Common.cpp */,
				45FB773818A7A76300DD25B4 /* Common.h */,
				45FB772A18A7A6CB00DD25B4 /* LogicOnly */,
				45FB772918A7A6CB00DD25B4 /* GraphicsOnly */,
				45FB773F18A7A8A700DD25B4 /* Tester.cpp */,
				45FB774018A7A8A700DD25B4 /* Tester.h */,
				45FB774318A7A8B500DD25B4 /* (unsorted old files) */,
			);
			path = Sources;
			sourceTree = "<group>";
		};
		45F3D10518A78DBE00F05D97 /* Dependencies */ = {
			isa = PBXGroup;
			children = (
				45F3D10818A78E0100F05D97 /* Common */,
				45F3D10918A78E0100F05D97 /* iOS */,
				45F3D10A18A78E0100F05D97 /* OSX */,
			);
			path = Dependencies;
			sourceTree = "<group>";
		};
		45F3D10818A78E0100F05D97 /* Common */ = {
			isa = PBXGroup;
			children = (
				45F3D0F618A78D9C00F05D97 /* CommonUtility.xcodeproj */,
				45F3D11918A78E1200F05D97 /* Foundation.xcodeproj */,
				45F3D13018A78E1900F05D97 /* Graphics.xcodeproj */,
				45F3D13918A78E2000F05D97 /* Mathematics.xcodeproj */,
			);
			path = Common;
			sourceTree = "<group>";
		};
		45F3D10918A78E0100F05D97 /* iOS */ = {
			isa = PBXGroup;
			children = (
				45F3D15818A7A2DF00F05D97 /* CoreGraphics.framework */,
				45F3D15E18A7A31900F05D97 /* QuartzCore.framework */,
				45F3D15C18A7A2FD00F05D97 /* UIKit.framework */,
				45F3D16018A7A32A00F05D97 /* OpenGLES.framework */,
				45F3D15A18A7A2F800F05D97 /* GLKit.framework */,
			);
			path = iOS;
			sourceTree = "<group>";
		};
		45F3D10A18A78E0100F05D97 /* OSX */ = {
			isa = PBXGroup;
			children = (
				45F3D15618A790B200F05D97 /* Cocoa.framework */,
				45F3D14C18A78E7A00F05D97 /* GLKit.framework */,
			);
			path = OSX;
			sourceTree = "<group>";
		};
		45F3D10B18A78E0500F05D97 /* Products */ = {
			isa = PBXGroup;
			children = (
				45F3D11218A78E0500F05D97 /* libEonilImprovisationsCommonUtility.a */,
				45F3D11418A78E0500F05D97 /* libEonilImprovisationsCommonUtility.a */,
				45F3D11618A78E0500F05D97 /* RunningTester */,
			);
			name = Products;
			sourceTree = "<group>";
		};
		45F3D12518A78E1500F05D97 /* Products */ = {
			isa = PBXGroup;
			children = (
				45F3D12B18A78E1500F05D97 /* libEonilImprovisationsMediaEngineFoundation.a */,
				45F3D12D18A78E1500F05D97 /* libEonilImprovisationsMediaEngineFoundation.a */,
				45F3D12F18A78E1500F05D97 /* OSX Test */,
			);
			name = Products;
			sourceTree = "<group>";
		};
		45F3D13118A78E1900F05D97 /* Products */ = {
			isa = PBXGroup;
			children = (
				45F3D13618A78E1A00F05D97 /* libEonilImprovisationsMediaEngineGraphics.a */,
				45F3D13818A78E1A00F05D97 /* libEonilImprovisationsMediaEngineGraphics.a */,
			);
			name = Products;
			sourceTree = "<group>";
		};
		45F3D13A18A78E2000F05D97 /* Products */ = {
			isa = PBXGroup;
			children = (
				45F3D14118A78E2100F05D97 /* libEonilImprovisationsMediaEngineMathematics.a */,
				45F3D14318A78E2100F05D97 /* libEonilImprovisationsMediaEngineMathematics.a */,
				45F3D14518A78E2100F05D97 /* Mathematics - Running Test - OSX */,
				45F3D14718A78E2100F05D97 /* Mathematics - Running Test - iOS.app */,
			);
			name = Products;
			sourceTree = "<group>";
		};
		45F3D15218A78F0F00F05D97 /* Targets (target specific codes) */ = {
			isa = PBXGroup;
			children = (
				45F3D15518A78F2600F05D97 /* Prefix.pch */,
				45F3D15318A78F0F00F05D97 /* iOS */,
				45F3D15418A78F0F00F05D97 /* OSX */,
			);
			name = "Targets (target specific codes)";
			path = Targets;
			sourceTree = "<group>";
		};
		45F3D15318A78F0F00F05D97 /* iOS */ = {
			isa = PBXGroup;
			children = (
			);
			path = iOS;
			sourceTree = "<group>";
		};
		45F3D15418A78F0F00F05D97 /* OSX */ = {
			isa = PBXGroup;
			children = (
			);
			path = OSX;
			sourceTree = "<group>";
		};
		45FB772918A7A6CB00DD25B4 /* GraphicsOnly */ = {
			isa = PBXGroup;
			children = (
				45FB772F18A7A70800DD25B4 /* GraphicsOnlyTest.cpp */,
				45FB773018A7A70800DD25B4 /* GraphicsOnlyTest.h */,
			);
			path = GraphicsOnly;
			sourceTree = "<group>";
		};
		45FB772A18A7A6CB00DD25B4 /* LogicOnly */ = {
			isa = PBXGroup;
			children = (
				45FB773B18A7A79D00DD25B4 /* TestTrackingPointerSlot.cpp */,
				45FB773C18A7A79D00DD25B4 /* TestTrackingPointerSlot.h */,
				45FB772B18A7A6D600DD25B4 /* LogicOnlyTest.cpp */,
				45FB772C18A7A6D600DD25B4 /* LogicOnlyTest.h */,
			);
			path = LogicOnly;
			sourceTree = "<group>";
		};
		45FB774318A7A8B500DD25B4 /* (unsorted old files) */ = {
			isa = PBXGroup;
			children = (
				45E7052217956E9900DA4D8B /* 02.png */,
				459BEA4517715DD100CA6A24 /* AAQuaternionMemoryLayoutEqualityTest.h */,
				459BEA4617715DD100CA6A24 /* AAQuaternionMemoryLayoutEqualityTest.mm */,
				459BEA4717715DD100CA6A24 /* AATest.h */,
				459BEA4817715DD100CA6A24 /* AATest.mm */,
				454027171780A61200AB45A4 /* AATestStatus.cpp */,
				454027181780A61200AB45A4 /* AATestStatus.h */,
				459BEA4917715DD100CA6A24 /* AATestRendering0.cpp */,
				459BEA4A17715DD100CA6A24 /* AATestRendering0.h */,
				459BEA4B17715DD100CA6A24 /* AATestRendering1.cpp */,
				459BEA4C17715DD100CA6A24 /* AATestRendering1.h */,
				454026FC1780793900AB45A4 /* AATestRendering2.cpp */,
				454026FD1780793900AB45A4 /* AATestRendering2.h */,
			);
			name = "(unsorted old files)";
			sourceTree = "<group>";
		};
/* End PBXGroup section */

/* Begin PBXNativeTarget section */
		45435E57172F37E8008BD9D5 /* _Legacy2013 - iOS Tester */ = {
			isa = PBXNativeTarget;
			buildConfigurationList = 45435E75172F37E8008BD9D5 /* Build configuration list for PBXNativeTarget "_Legacy2013 - iOS Tester" */;
			buildPhases = (
				45435E54172F37E8008BD9D5 /* Sources */,
				45435E55172F37E8008BD9D5 /* Frameworks */,
				45435E56172F37E8008BD9D5 /* Resources */,
			);
			buildRules = (
			);
			dependencies = (
			);
			name = "_Legacy2013 - iOS Tester";
			productName = EonilGraphicsTester;
			productReference = 45435E58172F37E8008BD9D5 /* Testers.app */;
			productType = "com.apple.product-type.application";
		};
		459BEA04177154F100CA6A24 /* _Legacy2013 - OSX Tester */ = {
			isa = PBXNativeTarget;
			buildConfigurationList = 459BEA32177154F100CA6A24 /* Build configuration list for PBXNativeTarget "_Legacy2013 - OSX Tester" */;
			buildPhases = (
				459BEA01177154F100CA6A24 /* Sources */,
				459BEA02177154F100CA6A24 /* Frameworks */,
				459BEA03177154F100CA6A24 /* Resources */,
			);
			buildRules = (
			);
			dependencies = (
			);
			name = "_Legacy2013 - OSX Tester";
			productName = OSXTester;
			productReference = 459BEA05177154F100CA6A24 /* _Legacy2013 - OSX Tester.app */;
			productType = "com.apple.product-type.application";
		};
/* End PBXNativeTarget section */

/* Begin PBXProject section */
		45435E50172F37E8008BD9D5 /* Project object */ = {
			isa = PBXProject;
			attributes = {
				CLASSPREFIX = AA;
				LastUpgradeCheck = 0460;
				ORGANIZATIONNAME = Eonil;
			};
			buildConfigurationList = 45435E53172F37E8008BD9D5 /* Build configuration list for PBXProject "Testers" */;
			compatibilityVersion = "Xcode 3.2";
			developmentRegion = English;
			hasScannedForEncodings = 0;
			knownRegions = (
				en,
				Base,
			);
			mainGroup = 45435E4F172F37E8008BD9D5;
			productRefGroup = 45435E59172F37E8008BD9D5 /* Products */;
			projectDirPath = "";
			projectReferences = (
				{
					ProductGroup = 45F3D10B18A78E0500F05D97 /* Products */;
					ProjectRef = 45F3D0F618A78D9C00F05D97 /* CommonUtility.xcodeproj */;
				},
				{
					ProductGroup = 45F3D12518A78E1500F05D97 /* Products */;
					ProjectRef = 45F3D11918A78E1200F05D97 /* Foundation.xcodeproj */;
				},
				{
					ProductGroup = 45F3D13118A78E1900F05D97 /* Products */;
					ProjectRef = 45F3D13018A78E1900F05D97 /* Graphics.xcodeproj */;
				},
				{
					ProductGroup = 45F3D13A18A78E2000F05D97 /* Products */;
					ProjectRef = 45F3D13918A78E2000F05D97 /* Mathematics.xcodeproj */;
				},
			);
			projectRoot = "";
			targets = (
				459BEA04177154F100CA6A24 /* _Legacy2013 - OSX Tester */,
				45435E57172F37E8008BD9D5 /* _Legacy2013 - iOS Tester */,
			);
		};
/* End PBXProject section */

/* Begin PBXReferenceProxy section */
		45F3D11218A78E0500F05D97 /* libEonilImprovisationsCommonUtility.a */ = {
			isa = PBXReferenceProxy;
			fileType = archive.ar;
			path = libEonilImprovisationsCommonUtility.a;
			remoteRef = 45F3D11118A78E0500F05D97 /* PBXContainerItemProxy */;
			sourceTree = BUILT_PRODUCTS_DIR;
		};
		45F3D11418A78E0500F05D97 /* libEonilImprovisationsCommonUtility.a */ = {
			isa = PBXReferenceProxy;
			fileType = archive.ar;
			path = libEonilImprovisationsCommonUtility.a;
			remoteRef = 45F3D11318A78E0500F05D97 /* PBXContainerItemProxy */;
			sourceTree = BUILT_PRODUCTS_DIR;
		};
		45F3D11618A78E0500F05D97 /* RunningTester */ = {
			isa = PBXReferenceProxy;
			fileType = "compiled.mach-o.executable";
			path = RunningTester;
			remoteRef = 45F3D11518A78E0500F05D97 /* PBXContainerItemProxy */;
			sourceTree = BUILT_PRODUCTS_DIR;
		};
		45F3D12B18A78E1500F05D97 /* libEonilImprovisationsMediaEngineFoundation.a */ = {
			isa = PBXReferenceProxy;
			fileType = archive.ar;
			path = libEonilImprovisationsMediaEngineFoundation.a;
			remoteRef = 45F3D12A18A78E1500F05D97 /* PBXContainerItemProxy */;
			sourceTree = BUILT_PRODUCTS_DIR;
		};
		45F3D12D18A78E1500F05D97 /* libEonilImprovisationsMediaEngineFoundation.a */ = {
			isa = PBXReferenceProxy;
			fileType = archive.ar;
			path = libEonilImprovisationsMediaEngineFoundation.a;
			remoteRef = 45F3D12C18A78E1500F05D97 /* PBXContainerItemProxy */;
			sourceTree = BUILT_PRODUCTS_DIR;
		};
		45F3D12F18A78E1500F05D97 /* OSX Test */ = {
			isa = PBXReferenceProxy;
			fileType = "compiled.mach-o.executable";
			path = "OSX Test";
			remoteRef = 45F3D12E18A78E1500F05D97 /* PBXContainerItemProxy */;
			sourceTree = BUILT_PRODUCTS_DIR;
		};
		45F3D13618A78E1A00F05D97 /* libEonilImprovisationsMediaEngineGraphics.a */ = {
			isa = PBXReferenceProxy;
			fileType = archive.ar;
			path = libEonilImprovisationsMediaEngineGraphics.a;
			remoteRef = 45F3D13518A78E1A00F05D97 /* PBXContainerItemProxy */;
			sourceTree = BUILT_PRODUCTS_DIR;
		};
		45F3D13818A78E1A00F05D97 /* libEonilImprovisationsMediaEngineGraphics.a */ = {
			isa = PBXReferenceProxy;
			fileType = archive.ar;
			path = libEonilImprovisationsMediaEngineGraphics.a;
			remoteRef = 45F3D13718A78E1A00F05D97 /* PBXContainerItemProxy */;
			sourceTree = BUILT_PRODUCTS_DIR;
		};
		45F3D14118A78E2100F05D97 /* libEonilImprovisationsMediaEngineMathematics.a */ = {
			isa = PBXReferenceProxy;
			fileType = archive.ar;
			path = libEonilImprovisationsMediaEngineMathematics.a;
			remoteRef = 45F3D14018A78E2100F05D97 /* PBXContainerItemProxy */;
			sourceTree = BUILT_PRODUCTS_DIR;
		};
		45F3D14318A78E2100F05D97 /* libEonilImprovisationsMediaEngineMathematics.a */ = {
			isa = PBXReferenceProxy;
			fileType = archive.ar;
			path = libEonilImprovisationsMediaEngineMathematics.a;
			remoteRef = 45F3D14218A78E2100F05D97 /* PBXContainerItemProxy */;
			sourceTree = BUILT_PRODUCTS_DIR;
		};
		45F3D14518A78E2100F05D97 /* Mathematics - Running Test - OSX */ = {
			isa = PBXReferenceProxy;
			fileType = "compiled.mach-o.executable";
			path = "Mathematics - Running Test - OSX";
			remoteRef = 45F3D14418A78E2100F05D97 /* PBXContainerItemProxy */;
			sourceTree = BUILT_PRODUCTS_DIR;
		};
		45F3D14718A78E2100F05D97 /* Mathematics - Running Test - iOS.app */ = {
			isa = PBXReferenceProxy;
			fileType = wrapper.application;
			path = "Mathematics - Running Test - iOS.app";
			remoteRef = 45F3D14618A78E2100F05D97 /* PBXContainerItemProxy */;
			sourceTree = BUILT_PRODUCTS_DIR;
		};
/* End PBXReferenceProxy section */

/* Begin PBXResourcesBuildPhase section */
		45435E56172F37E8008BD9D5 /* Resources */ = {
			isa = PBXResourcesBuildPhase;
			buildActionMask = 2147483647;
			files = (
				45435E66172F37E8008BD9D5 /* InfoPlist.strings in Resources */,
				45435E6E172F37E8008BD9D5 /* Default.png in Resources */,
				45E7052317956E9900DA4D8B /* 02.png in Resources */,
				45435E70172F37E8008BD9D5 /* Default@2x.png in Resources */,
				45435E72172F37E8008BD9D5 /* Default-568h@2x.png in Resources */,
			);
			runOnlyForDeploymentPostprocessing = 0;
		};
		459BEA03177154F100CA6A24 /* Resources */ = {
			isa = PBXResourcesBuildPhase;
			buildActionMask = 2147483647;
			files = (
				459BEA11177154F100CA6A24 /* InfoPlist.strings in Resources */,
				459BEA17177154F100CA6A24 /* Credits.rtf in Resources */,
				459BEA1D177154F100CA6A24 /* MainMenu.xib in Resources */,
				45E7057B179580BD00DA4D8B /* 02.png in Resources */,
			);
			runOnlyForDeploymentPostprocessing = 0;
		};
/* End PBXResourcesBuildPhase section */

/* Begin PBXSourcesBuildPhase section */
		45435E54172F37E8008BD9D5 /* Sources */ = {
			isa = PBXSourcesBuildPhase;
			buildActionMask = 2147483647;
			files = (
				45FB774218A7A8A700DD25B4 /* Tester.cpp in Sources */,
				45435E68172F37E8008BD9D5 /* main.mm in Sources */,
				45435E6C172F37E8008BD9D5 /* AAAppDelegate.m in Sources */,
				45435E7F172F3863008BD9D5 /* AATesterViewController.mm in Sources */,
				45FB773E18A7A79D00DD25B4 /* TestTrackingPointerSlot.cpp in Sources */,
				459BEA4D17715DD100CA6A24 /* AAQuaternionMemoryLayoutEqualityTest.mm in Sources */,
				45FB773218A7A70800DD25B4 /* GraphicsOnlyTest.cpp in Sources */,
				459BEA5117715DD100CA6A24 /* AATestRendering0.cpp in Sources */,
				45FB773A18A7A76300DD25B4 /* Common.cpp in Sources */,
				45FB772E18A7A6D600DD25B4 /* LogicOnlyTest.cpp in Sources */,
				459BEA4F17715DD100CA6A24 /* AATest.mm in Sources */,
				459BEA5317715DD100CA6A24 /* AATestRendering1.cpp in Sources */,
				454027191780A61200AB45A4 /* AATestStatus.cpp in Sources */,
				454026FE1780793900AB45A4 /* AATestRendering2.cpp in Sources */,
			);
			runOnlyForDeploymentPostprocessing = 0;
		};
		459BEA01177154F100CA6A24 /* Sources */ = {
			isa = PBXSourcesBuildPhase;
			buildActionMask = 2147483647;
			files = (
				45FB773118A7A70800DD25B4 /* GraphicsOnlyTest.cpp in Sources */,
				459BEA5217715DD100CA6A24 /* AATestRendering0.cpp in Sources */,
				45FB772D18A7A6D600DD25B4 /* LogicOnlyTest.cpp in Sources */,
				459BEA4E17715DD100CA6A24 /* AAQuaternionMemoryLayoutEqualityTest.mm in Sources */,
				45FB773D18A7A79D00DD25B4 /* TestTrackingPointerSlot.cpp in Sources */,
				45FB774118A7A8A700DD25B4 /* Tester.cpp in Sources */,
				459BEA1A177154F100CA6A24 /* AAAppDelegate.mm in Sources */,
				459BEA13177154F100CA6A24 /* main.m in Sources */,
				454026FF1780793900AB45A4 /* AATestRendering2.cpp in Sources */,
				459BEA5417715DD100CA6A24 /* AATestRendering1.cpp in Sources */,
				459BEA5017715DD100CA6A24 /* AATest.mm in Sources */,
				45FB773918A7A76300DD25B4 /* Common.cpp in Sources */,
				4540271A1780A61200AB45A4 /* AATestStatus.cpp in Sources */,
			);
			runOnlyForDeploymentPostprocessing = 0;
		};
/* End PBXSourcesBuildPhase section */

/* Begin PBXVariantGroup section */
		45435E64172F37E8008BD9D5 /* InfoPlist.strings */ = {
			isa = PBXVariantGroup;
			children = (
				45435E65172F37E8008BD9D5 /* en */,
			);
			name = InfoPlist.strings;
			sourceTree = "<group>";
		};
		459BEA0F177154F100CA6A24 /* InfoPlist.strings */ = {
			isa = PBXVariantGroup;
			children = (
				459BEA10177154F100CA6A24 /* en */,
			);
			name = InfoPlist.strings;
			sourceTree = "<group>";
		};
		459BEA15177154F100CA6A24 /* Credits.rtf */ = {
			isa = PBXVariantGroup;
			children = (
				459BEA16177154F100CA6A24 /* en */,
			);
			name = Credits.rtf;
			sourceTree = "<group>";
		};
		459BEA1B177154F100CA6A24 /* MainMenu.xib */ = {
			isa = PBXVariantGroup;
			children = (
				459BEA1C177154F100CA6A24 /* Base */,
			);
			name = MainMenu.xib;
			sourceTree = "<group>";
		};
/* End PBXVariantGroup section */

/* Begin XCBuildConfiguration section */
		45435E73172F37E8008BD9D5 /* Debug */ = {
			isa = XCBuildConfiguration;
			buildSettings = {
				ALWAYS_SEARCH_USER_PATHS = NO;
				CLANG_CXX_LANGUAGE_STANDARD = "gnu++0x";
				CLANG_CXX_LIBRARY = "libc++";
				CLANG_ENABLE_OBJC_ARC = YES;
				CLANG_WARN_CONSTANT_CONVERSION = YES;
				CLANG_WARN_EMPTY_BODY = YES;
				CLANG_WARN_ENUM_CONVERSION = YES;
				CLANG_WARN_INT_CONVERSION = YES;
				CLANG_WARN__DUPLICATE_METHOD_MATCH = YES;
				COPY_PHASE_STRIP = NO;
				GCC_C_LANGUAGE_STANDARD = gnu99;
				GCC_DYNAMIC_NO_PIC = NO;
				GCC_OPTIMIZATION_LEVEL = 0;
				GCC_PRECOMPILE_PREFIX_HEADER = YES;
				GCC_PREFIX_HEADER = Targets/Prefix.pch;
				GCC_PREPROCESSOR_DEFINITIONS = (
					"DEBUG=1",
					"$(inherited)",
					"EONIL_DEBUG_MODE=1",
				);
				GCC_SYMBOLS_PRIVATE_EXTERN = NO;
				GCC_WARN_ABOUT_RETURN_TYPE = YES;
				GCC_WARN_UNINITIALIZED_AUTOS = YES;
				GCC_WARN_UNUSED_VARIABLE = YES;
				HEADER_SEARCH_PATHS = (
					"\"$SRCROOT\"/../../CommonUtility/Source",
					"\"$SRCROOT\"/../Foundation/Sources",
					"\"$SRCROOT\"/../Graphics/Sources",
					"\"$SRCROOT\"/../Mathematics/Sources",
					"\"$SRCROOT\"/../Mathematics/Sources/GLM",
				);
				IPHONEOS_DEPLOYMENT_TARGET = 5.1;
				MACOSX_DEPLOYMENT_TARGET = 10.8;
				ONLY_ACTIVE_ARCH = YES;
				TARGETED_DEVICE_FAMILY = "1,2";
			};
			name = Debug;
		};
		45435E74172F37E8008BD9D5 /* Release */ = {
			isa = XCBuildConfiguration;
			buildSettings = {
				ALWAYS_SEARCH_USER_PATHS = NO;
				CLANG_CXX_LANGUAGE_STANDARD = "gnu++0x";
				CLANG_CXX_LIBRARY = "libc++";
				CLANG_ENABLE_OBJC_ARC = YES;
				CLANG_WARN_CONSTANT_CONVERSION = YES;
				CLANG_WARN_EMPTY_BODY = YES;
				CLANG_WARN_ENUM_CONVERSION = YES;
				CLANG_WARN_INT_CONVERSION = YES;
				CLANG_WARN__DUPLICATE_METHOD_MATCH = YES;
				COPY_PHASE_STRIP = YES;
				GCC_C_LANGUAGE_STANDARD = gnu99;
				GCC_OPTIMIZATION_LEVEL = fast;
				GCC_PRECOMPILE_PREFIX_HEADER = YES;
				GCC_PREFIX_HEADER = Targets/Prefix.pch;
				GCC_WARN_ABOUT_RETURN_TYPE = YES;
				GCC_WARN_UNINITIALIZED_AUTOS = YES;
				GCC_WARN_UNUSED_VARIABLE = YES;
				HEADER_SEARCH_PATHS = (
					"\"$SRCROOT\"/../../CommonUtility/Source",
					"\"$SRCROOT\"/../Foundation/Sources",
					"\"$SRCROOT\"/../Graphics/Sources",
					"\"$SRCROOT\"/../Mathematics/Sources",
					"\"$SRCROOT\"/../Mathematics/Sources/GLM",
				);
				IPHONEOS_DEPLOYMENT_TARGET = 5.1;
				MACOSX_DEPLOYMENT_TARGET = 10.8;
				OTHER_CFLAGS = "-DNS_BLOCK_ASSERTIONS=1";
				TARGETED_DEVICE_FAMILY = "1,2";
				VALIDATE_PRODUCT = YES;
			};
			name = Release;
		};
		45435E76172F37E8008BD9D5 /* Debug */ = {
			isa = XCBuildConfiguration;
			buildSettings = {
				CODE_SIGN_IDENTITY = "iPhone Developer";
				INFOPLIST_FILE = "EonilGraphicsTester/Testers-Info.plist";
				PRODUCT_NAME = Testers;
				SDKROOT = iphoneos;
				WRAPPER_EXTENSION = app;
			};
			name = Debug;
		};
		45435E77172F37E8008BD9D5 /* Release */ = {
			isa = XCBuildConfiguration;
			buildSettings = {
				CODE_SIGN_IDENTITY = "iPhone Developer";
				INFOPLIST_FILE = "EonilGraphicsTester/Testers-Info.plist";
				PRODUCT_NAME = Testers;
				SDKROOT = iphoneos;
				WRAPPER_EXTENSION = app;
			};
			name = Release;
		};
		459BEA33177154F100CA6A24 /* Debug */ = {
			isa = XCBuildConfiguration;
			buildSettings = {
				ASSETCATALOG_COMPILER_APPICON_NAME = AppIcon;
				CLANG_ENABLE_MODULES = YES;
				CLANG_WARN_BOOL_CONVERSION = YES;
				CLANG_WARN_DIRECT_OBJC_ISA_USAGE = YES_ERROR;
				CLANG_WARN_OBJC_ROOT_CLASS = YES_ERROR;
				COMBINE_HIDPI_IMAGES = YES;
				GCC_ENABLE_OBJC_EXCEPTIONS = YES;
				GCC_PREPROCESSOR_DEFINITIONS = (
					"DEBUG=1",
					"$(inherited)",
				);
				GCC_WARN_64_TO_32_BIT_CONVERSION = YES;
				GCC_WARN_ABOUT_RETURN_TYPE = YES_ERROR;
				GCC_WARN_UNDECLARED_SELECTOR = YES;
				GCC_WARN_UNUSED_FUNCTION = YES;
				INFOPLIST_FILE = "OSXTester/OSXTester-Info.plist";
				PRODUCT_NAME = "$(TARGET_NAME)";
				SDKROOT = macosx;
				WRAPPER_EXTENSION = app;
			};
			name = Debug;
		};
		459BEA34177154F100CA6A24 /* Release */ = {
			isa = XCBuildConfiguration;
			buildSettings = {
				ASSETCATALOG_COMPILER_APPICON_NAME = AppIcon;
				CLANG_ENABLE_MODULES = YES;
				CLANG_WARN_BOOL_CONVERSION = YES;
				CLANG_WARN_DIRECT_OBJC_ISA_USAGE = YES_ERROR;
				CLANG_WARN_OBJC_ROOT_CLASS = YES_ERROR;
				COMBINE_HIDPI_IMAGES = YES;
				DEBUG_INFORMATION_FORMAT = "dwarf-with-dsym";
				ENABLE_NS_ASSERTIONS = NO;
				GCC_ENABLE_OBJC_EXCEPTIONS = YES;
				GCC_WARN_64_TO_32_BIT_CONVERSION = YES;
				GCC_WARN_ABOUT_RETURN_TYPE = YES_ERROR;
				GCC_WARN_UNDECLARED_SELECTOR = YES;
				GCC_WARN_UNUSED_FUNCTION = YES;
				INFOPLIST_FILE = "OSXTester/OSXTester-Info.plist";
				PRODUCT_NAME = "$(TARGET_NAME)";
				SDKROOT = macosx;
				WRAPPER_EXTENSION = app;
			};
			name = Release;
		};
/* End XCBuildConfiguration section */

/* Begin XCConfigurationList section */
		45435E53172F37E8008BD9D5 /* Build configuration list for PBXProject "Testers" */ = {
			isa = XCConfigurationList;
			buildConfigurations = (
				45435E73172F37E8008BD9D5 /* Debug */,
				45435E74172F37E8008BD9D5 /* Release */,
			);
			defaultConfigurationIsVisible = 0;
			defaultConfigurationName = Release;
		};
		45435E75172F37E8008BD9D5 /* Build configuration list for PBXNativeTarget "_Legacy2013 - iOS Tester" */ = {
			isa = XCConfigurationList;
			buildConfigurations = (
				45435E76172F37E8008BD9D5 /* Debug */,
				45435E77172F37E8008BD9D5 /* Release */,
			);
			defaultConfigurationIsVisible = 0;
			defaultConfigurationName = Release;
		};
		459BEA32177154F100CA6A24 /* Build configuration list for PBXNativeTarget "_Legacy2013 - OSX Tester" */ = {
			isa = XCConfigurationList;
			buildConfigurations = (
				459BEA33177154F100CA6A24 /* Debug */,
				459BEA34177154F100CA6A24 /* Release */,
			);
			defaultConfigurationIsVisible = 0;
			defaultConfigurationName = Release;
		};
/* End XCConfigurationList section */
	};
	rootObject = 45435E50172F37E8008BD9D5 /* Project object */;
}
