// !$*UTF8*$!
{
	archiveVersion = 1;
	classes = {
	};
	objectVersion = 46;
	objects = {

/* Begin PBXGroup section */
		450DEDDC18A915AF00F86E5A = {
			isa = PBXGroup;
			children = (
			);
			sourceTree = "<group>";
		};
/* End PBXGroup section */

/* Begin PBXProject section */
		450DEDDD18A915AF00F86E5A /* Project object */ = {
			isa = PBXProject;
			attributes = {
				LastUpgradeCheck = 0500;
			};
			buildConfigurationList = 450DEDE018A915AF00F86E5A /* Build configuration list for PBXProject "Physics" */;
			compatibilityVersion = "Xcode 3.2";
			developmentRegion = English;
			hasScannedForEncodings = 0;
			knownRegions = (
				en,
			);
			mainGroup = 450DEDDC18A915AF00F86E5A;
			projectDirPath = "";
			projectRoot = "";
			targets = (
			);
		};
/* End PBXProject section */

/* Begin XCBuildConfiguration section */
		450DEDE118A915AF00F86E5A /* Debug */ = {
			isa = XCBuildConfiguration;
			buildSettings = {
			};
			name = Debug;
		};
		450DEDE218A915AF00F86E5A /* Release */ = {
			isa = XCBuildConfiguration;
			buildSettings = {
			};
			name = Release;
		};
/* End XCBuildConfiguration section */

/* Begin XCConfigurationList section */
		450DEDE018A915AF00F86E5A /* Build configuration list for PBXProject "Physics" */ = {
			isa = XCConfigurationList;
			buildConfigurations = (
				450DEDE118A915AF00F86E5A /* Debug */,
				450DEDE218A915AF00F86E5A /* Release */,
			);
			defaultConfigurationIsVisible = 0;
			defaultConfigurationName = Release;
		};
/* End XCConfigurationList section */
	};
	rootObject = 450DEDDD18A915AF00F86E5A /* Project object */;
}
